
Microsoft Visual Studio Solution File, Format Version 12.00
# Visual Studio Version 17
VisualStudioVersion = 17.8.34330.188
MinimumVisualStudioVersion = 10.0.40219.1
Project("{9A19103F-16F7-4668-BE54-9A1E7A4F7556}") = "Auth.Api", "Auth.Api.csproj", "{754A09F4-17BD-4215-A9E4-E2DBF4DABE6B}"
EndProject
Global
	GlobalSection(SolutionConfigurationPlatforms) = preSolution
		Debug|Any CPU = Debug|Any CPU
		Release|Any CPU = Release|Any CPU
	EndGlobalSection
	GlobalSection(ProjectConfigurationPlatforms) = postSolution
		{754A09F4-17BD-4215-A9E4-E2DBF4DABE6B}.Debug|Any CPU.ActiveCfg = Debug|Any CPU
		{754A09F4-17BD-4215-A9E4-E2DBF4DABE6B}.Debug|Any CPU.Build.0 = Debug|Any CPU
		{754A09F4-17BD-4215-A9E4-E2DBF4DABE6B}.Release|Any CPU.ActiveCfg = Release|Any CPU
		{754A09F4-17BD-4215-A9E4-E2DBF4DABE6B}.Release|Any CPU.Build.0 = Release|Any CPU
	EndGlobalSection
	GlobalSection(SolutionProperties) = preSolution
		HideSolutionNode = FALSE
	EndGlobalSection
	GlobalSection(ExtensibilityGlobals) = postSolution
		SolutionGuid = {61665F8D-68D6-46B8-93C6-A1AB18572B86}
	EndGlobalSection
EndGlobal
